
Microsoft Visual Studio Solution File, Format Version 12.00
# Visual Studio Version 17
VisualStudioVersion = 17.8.34330.188
MinimumVisualStudioVersion = 10.0.40219.1
Project("{9A19103F-16F7-4668-BE54-9A1E7A4F7556}") = "BL", "BL\BL.csproj", "{D3902896-85DB-42DD-9956-283BC64B8218}"
EndProject
Project("{9A19103F-16F7-4668-BE54-9A1E7A4F7556}") = "DAL", "DAL\DAL.csproj", "{D31F8DF2-F452-4D7B-B88A-AD5FB2385BF4}"
EndProject
Project("{9A19103F-16F7-4668-BE54-9A1E7A4F7556}") = "Web API", "Web API\Web API.csproj", "{E773AE56-3F36-4555-8946-7A9CED1B133C}"
EndProject
Global
	GlobalSection(SolutionConfigurationPlatforms) = preSolution
		Debug|Any CPU = Debug|Any CPU
		Release|Any CPU = Release|Any CPU
	EndGlobalSection
	GlobalSection(ProjectConfigurationPlatforms) = postSolution
		{D3902896-85DB-42DD-9956-283BC64B8218}.Debug|Any CPU.ActiveCfg = Debug|Any CPU
		{D3902896-85DB-42DD-9956-283BC64B8218}.Debug|Any CPU.Build.0 = Debug|Any CPU
		{D3902896-85DB-42DD-9956-283BC64B8218}.Release|Any CPU.ActiveCfg = Release|Any CPU
		{D3902896-85DB-42DD-9956-283BC64B8218}.Release|Any CPU.Build.0 = Release|Any CPU
		{D31F8DF2-F452-4D7B-B88A-AD5FB2385BF4}.Debug|Any CPU.ActiveCfg = Debug|Any CPU
		{D31F8DF2-F452-4D7B-B88A-AD5FB2385BF4}.Debug|Any CPU.Build.0 = Debug|Any CPU
		{D31F8DF2-F452-4D7B-B88A-AD5FB2385BF4}.Release|Any CPU.ActiveCfg = Release|Any CPU
		{D31F8DF2-F452-4D7B-B88A-AD5FB2385BF4}.Release|Any CPU.Build.0 = Release|Any CPU
		{E773AE56-3F36-4555-8946-7A9CED1B133C}.Debug|Any CPU.ActiveCfg = Debug|Any CPU
		{E773AE56-3F36-4555-8946-7A9CED1B133C}.Debug|Any CPU.Build.0 = Debug|Any CPU
		{E773AE56-3F36-4555-8946-7A9CED1B133C}.Release|Any CPU.ActiveCfg = Release|Any CPU
		{E773AE56-3F36-4555-8946-7A9CED1B133C}.Release|Any CPU.Build.0 = Release|Any CPU
	EndGlobalSection
	GlobalSection(SolutionProperties) = preSolution
		HideSolutionNode = FALSE
	EndGlobalSection
	GlobalSection(ExtensibilityGlobals) = postSolution
		SolutionGuid = {3FEC9ED4-AFFE-4244-91AB-EBFB4BA421FB}
	EndGlobalSection
EndGlobal
